
Microsoft Visual Studio Solution File, Format Version 11.00
# Visual Studio 2010
Project("{FAE04EC0-301F-11D3-BF4B-00C04F79EFBC}") = "DataModelLayer", "DataModelLayer\DataModelLayer.csproj", "{F14D52CE-F855-4463-A958-FFCF9916DDA8}"
EndProject
Project("{FAE04EC0-301F-11D3-BF4B-00C04F79EFBC}") = "BusinessLayer", "BusinessLayer\BusinessLayer.csproj", "{5E42BDCE-9D09-44D2-931E-F67CB5EFA52F}"
EndProject
Project("{FAE04EC0-301F-11D3-BF4B-00C04F79EFBC}") = "SutranWeb", "SutranWeb\SutranWeb.csproj", "{0D32CB90-BB18-4B5C-B2FC-4A4DE791C292}"
EndProject
Project("{FAE04EC0-301F-11D3-BF4B-00C04F79EFBC}") = "DTOLayer", "DTOLayer\DTOLayer.csproj", "{F7636B21-A7E7-4273-8538-F68628168A31}"
EndProject
Project("{FAE04EC0-301F-11D3-BF4B-00C04F79EFBC}") = "EntitiesLayer", "EntitiesLayer\EntitiesLayer.csproj", "{1AE898BD-10F3-476D-88C9-BDA188C57ECD}"
EndProject
Global
	GlobalSection(SolutionConfigurationPlatforms) = preSolution
		Debug|Any CPU = Debug|Any CPU
		Release|Any CPU = Release|Any CPU
	EndGlobalSection
	GlobalSection(ProjectConfigurationPlatforms) = postSolution
		{F14D52CE-F855-4463-A958-FFCF9916DDA8}.Debug|Any CPU.ActiveCfg = Debug|Any CPU
		{F14D52CE-F855-4463-A958-FFCF9916DDA8}.Debug|Any CPU.Build.0 = Debug|Any CPU
		{F14D52CE-F855-4463-A958-FFCF9916DDA8}.Release|Any CPU.ActiveCfg = Release|Any CPU
		{F14D52CE-F855-4463-A958-FFCF9916DDA8}.Release|Any CPU.Build.0 = Release|Any CPU
		{5E42BDCE-9D09-44D2-931E-F67CB5EFA52F}.Debug|Any CPU.ActiveCfg = Debug|Any CPU
		{5E42BDCE-9D09-44D2-931E-F67CB5EFA52F}.Debug|Any CPU.Build.0 = Debug|Any CPU
		{5E42BDCE-9D09-44D2-931E-F67CB5EFA52F}.Release|Any CPU.ActiveCfg = Release|Any CPU
		{5E42BDCE-9D09-44D2-931E-F67CB5EFA52F}.Release|Any CPU.Build.0 = Release|Any CPU
		{0D32CB90-BB18-4B5C-B2FC-4A4DE791C292}.Debug|Any CPU.ActiveCfg = Debug|Any CPU
		{0D32CB90-BB18-4B5C-B2FC-4A4DE791C292}.Debug|Any CPU.Build.0 = Debug|Any CPU
		{0D32CB90-BB18-4B5C-B2FC-4A4DE791C292}.Release|Any CPU.ActiveCfg = Release|Any CPU
		{0D32CB90-BB18-4B5C-B2FC-4A4DE791C292}.Release|Any CPU.Build.0 = Release|Any CPU
		{F7636B21-A7E7-4273-8538-F68628168A31}.Debug|Any CPU.ActiveCfg = Debug|Any CPU
		{F7636B21-A7E7-4273-8538-F68628168A31}.Debug|Any CPU.Build.0 = Debug|Any CPU
		{F7636B21-A7E7-4273-8538-F68628168A31}.Release|Any CPU.ActiveCfg = Release|Any CPU
		{F7636B21-A7E7-4273-8538-F68628168A31}.Release|Any CPU.Build.0 = Release|Any CPU
		{1AE898BD-10F3-476D-88C9-BDA188C57ECD}.Debug|Any CPU.ActiveCfg = Debug|Any CPU
		{1AE898BD-10F3-476D-88C9-BDA188C57ECD}.Debug|Any CPU.Build.0 = Debug|Any CPU
		{1AE898BD-10F3-476D-88C9-BDA188C57ECD}.Release|Any CPU.ActiveCfg = Release|Any CPU
		{1AE898BD-10F3-476D-88C9-BDA188C57ECD}.Release|Any CPU.Build.0 = Release|Any CPU
	EndGlobalSection
	GlobalSection(SolutionProperties) = preSolution
		HideSolutionNode = FALSE
	EndGlobalSection
	GlobalSection(ExtensibilityGlobals) = postSolution
		EnterpriseLibraryConfigurationToolBinariesPath = packages\Unity.2.1.505.0\lib\NET35
	EndGlobalSection
EndGlobal
